{
    "_readme": [
        "This file locks the dependencies of your project to a known state",
        "Read more about it at https://getcomposer.org/doc/01-basic-usage.md#installing-dependencies",
        "This file is @generated automatically"
    ],
    "content-hash": "5e520ca32d22e7eb865040f68103c089",
    "packages": [
        {
            "name": "pulseframework/pulse-exception",
            "version": "v1.0.4",
            "source": {
                "type": "git",
                "url": "https://github.com/Softinthebox/pulse-exception.git",
                "reference": "a133eb3b7ba6c46af4c4bc2b70e84ee8890b3e48"
            },
            "dist": {
                "type": "zip",
                "url": "https://api.github.com/repos/Softinthebox/pulse-exception/zipball/a133eb3b7ba6c46af4c4bc2b70e84ee8890b3e48",
                "reference": "a133eb3b7ba6c46af4c4bc2b70e84ee8890b3e48",
                "shasum": ""
            },
            "require": {
                "php": ">=5.5.0"
            },
            "type": "library",
            "autoload": {
                "psr-4": {
                    "PulseException\\": "src/PulseException"
                }
            },
            "notification-url": "https://packagist.org/downloads/",
            "license": [
                "LGPL-2.1-only"
            ],
            "authors": [
                {
                    "name": "Pedro Teixeira",
                    "email": "hello@pedroteixeira.pro"
                }
            ],
            "description": "Pulse exception",
            "support": {
                "issues": "https://github.com/Softinthebox/pulse-exception/issues",
                "source": "https://github.com/Softinthebox/pulse-exception/tree/master"
            },
            "time": "2020-06-21T19:40:08+00:00"
        }
    ],
    "packages-dev": [],
    "aliases": [],
    "minimum-stability": "stable",
    "stability-flags": [],
    "prefer-stable": false,
    "prefer-lowest": false,
    "platform": {
        "php": ">=5.5.0"
    },
    "platform-dev": [],
    "plugin-api-version": "2.0.0"
}
